
Microsoft Visual Studio Solution File, Format Version 12.00
# Visual Studio 15
VisualStudioVersion = 15.0.27130.2003
MinimumVisualStudioVersion = 10.0.40219.1
Project("{FAE04EC0-301F-11D3-BF4B-00C04F79EFBC}") = "Bot Application3", "Bot Application3\Bot Application3.csproj", "{B2B736AC-F33B-4E82-8F3A-3DC455AC7CCA}"
EndProject
Global
	GlobalSection(SolutionConfigurationPlatforms) = preSolution
		Debug|Any CPU = Debug|Any CPU
		Release|Any CPU = Release|Any CPU
	EndGlobalSection
	GlobalSection(ProjectConfigurationPlatforms) = postSolution
		{B2B736AC-F33B-4E82-8F3A-3DC455AC7CCA}.Debug|Any CPU.ActiveCfg = Debug|Any CPU
		{B2B736AC-F33B-4E82-8F3A-3DC455AC7CCA}.Debug|Any CPU.Build.0 = Debug|Any CPU
		{B2B736AC-F33B-4E82-8F3A-3DC455AC7CCA}.Release|Any CPU.ActiveCfg = Release|Any CPU
		{B2B736AC-F33B-4E82-8F3A-3DC455AC7CCA}.Release|Any CPU.Build.0 = Release|Any CPU
	EndGlobalSection
	GlobalSection(SolutionProperties) = preSolution
		HideSolutionNode = FALSE
	EndGlobalSection
	GlobalSection(ExtensibilityGlobals) = postSolution
		SolutionGuid = {06C15098-E5A7-4B83-BB68-3F20151BDF67}
	EndGlobalSection
EndGlobal
